
Microsoft Visual Studio Solution File, Format Version 12.00
# Visual Studio Version 17
VisualStudioVersion = 17.2.32526.322
MinimumVisualStudioVersion = 10.0.40219.1
Project("{9A19103F-16F7-4668-BE54-9A1E7A4F7556}") = "1-1.Hello", "1-1.Hello\1-1.Hello.csproj", "{9937A6C8-3916-49BC-B003-E1D8BBE04799}"
EndProject
Project("{9A19103F-16F7-4668-BE54-9A1E7A4F7556}") = "1-2.If和简单的while循环", "1-2.If和简单的while循环\1-2.If和简单的while循环.csproj", "{A73EE04A-4610-43AD-B4AE-9C1F53D108E6}"
EndProject
Project("{9A19103F-16F7-4668-BE54-9A1E7A4F7556}") = "1-3.While和For循环", "1-3.While和For循环\1-3.While和For循环.csproj", "{D0F6ECA8-72D7-4257-84BA-EEBCA7DE94DD}"
EndProject
Project("{9A19103F-16F7-4668-BE54-9A1E7A4F7556}") = "1-4.函数基础", "1-4.函数基础\1-4.函数基础.csproj", "{6BDDE133-25BB-433E-9307-8049A710B161}"
EndProject
Project("{9A19103F-16F7-4668-BE54-9A1E7A4F7556}") = "1-4-1.猜数字游戏函数改写版", "1-4-1.猜数字游戏函数改写版\1-4-1.猜数字游戏函数改写版.csproj", "{4C756A3E-4740-4D27-AEC5-0E681C7080B4}"
EndProject
Project("{9A19103F-16F7-4668-BE54-9A1E7A4F7556}") = "1-5-1.数组处理函数练习", "1-5-1.数组处理函数练习\1-5-1.数组处理函数练习.csproj", "{4B500685-629F-401E-9598-0DEB2445DAB1}"
EndProject
Project("{9A19103F-16F7-4668-BE54-9A1E7A4F7556}") = "1-5.数组基础", "1-5.数组基础\1-5.数组基础.csproj", "{E7908F80-6761-4E2A-A9E9-F28CA3F5D12E}"
EndProject
Project("{9A19103F-16F7-4668-BE54-9A1E7A4F7556}") = "1-5-2.冒泡排序算法", "1-5-2.冒泡排序算法\1-5-2.冒泡排序算法.csproj", "{9FDAFA1A-2121-40FE-81C9-65788D3D08EC}"
EndProject
Project("{FAE04EC0-301F-11D3-BF4B-00C04F79EFBC}") = "1-6.函数生命周期和引用", "1-6.函数生命周期和引用\1-6.函数生命周期和引用.csproj", "{83A22932-49ED-422C-9301-5E6CF0F1679B}"
EndProject
Project("{FAE04EC0-301F-11D3-BF4B-00C04F79EFBC}") = "1-7.二维数组", "1-7.二维数组\1-7.二维数组.csproj", "{5422F734-5D39-4FD9-8512-681751371C3D}"
EndProject
Project("{FAE04EC0-301F-11D3-BF4B-00C04F79EFBC}") = "1-7-1.二维数组作业打印火车票", "1-7-1.二维数组作业打印火车票\1-7-1.二维数组作业打印火车票.csproj", "{47CEB209-6617-4F7A-9D7C-8C88AE7E0642}"
EndProject
Global
	GlobalSection(SolutionConfigurationPlatforms) = preSolution
		Debug|Any CPU = Debug|Any CPU
		Release|Any CPU = Release|Any CPU
	EndGlobalSection
	GlobalSection(ProjectConfigurationPlatforms) = postSolution
		{9937A6C8-3916-49BC-B003-E1D8BBE04799}.Debug|Any CPU.ActiveCfg = Debug|Any CPU
		{9937A6C8-3916-49BC-B003-E1D8BBE04799}.Debug|Any CPU.Build.0 = Debug|Any CPU
		{9937A6C8-3916-49BC-B003-E1D8BBE04799}.Release|Any CPU.ActiveCfg = Release|Any CPU
		{9937A6C8-3916-49BC-B003-E1D8BBE04799}.Release|Any CPU.Build.0 = Release|Any CPU
		{A73EE04A-4610-43AD-B4AE-9C1F53D108E6}.Debug|Any CPU.ActiveCfg = Debug|Any CPU
		{A73EE04A-4610-43AD-B4AE-9C1F53D108E6}.Debug|Any CPU.Build.0 = Debug|Any CPU
		{A73EE04A-4610-43AD-B4AE-9C1F53D108E6}.Release|Any CPU.ActiveCfg = Release|Any CPU
		{A73EE04A-4610-43AD-B4AE-9C1F53D108E6}.Release|Any CPU.Build.0 = Release|Any CPU
		{D0F6ECA8-72D7-4257-84BA-EEBCA7DE94DD}.Debug|Any CPU.ActiveCfg = Debug|Any CPU
		{D0F6ECA8-72D7-4257-84BA-EEBCA7DE94DD}.Debug|Any CPU.Build.0 = Debug|Any CPU
		{D0F6ECA8-72D7-4257-84BA-EEBCA7DE94DD}.Release|Any CPU.ActiveCfg = Release|Any CPU
		{D0F6ECA8-72D7-4257-84BA-EEBCA7DE94DD}.Release|Any CPU.Build.0 = Release|Any CPU
		{6BDDE133-25BB-433E-9307-8049A710B161}.Debug|Any CPU.ActiveCfg = Debug|Any CPU
		{6BDDE133-25BB-433E-9307-8049A710B161}.Debug|Any CPU.Build.0 = Debug|Any CPU
		{6BDDE133-25BB-433E-9307-8049A710B161}.Release|Any CPU.ActiveCfg = Release|Any CPU
		{6BDDE133-25BB-433E-9307-8049A710B161}.Release|Any CPU.Build.0 = Release|Any CPU
		{4C756A3E-4740-4D27-AEC5-0E681C7080B4}.Debug|Any CPU.ActiveCfg = Debug|Any CPU
		{4C756A3E-4740-4D27-AEC5-0E681C7080B4}.Debug|Any CPU.Build.0 = Debug|Any CPU
		{4C756A3E-4740-4D27-AEC5-0E681C7080B4}.Release|Any CPU.ActiveCfg = Release|Any CPU
		{4C756A3E-4740-4D27-AEC5-0E681C7080B4}.Release|Any CPU.Build.0 = Release|Any CPU
		{4B500685-629F-401E-9598-0DEB2445DAB1}.Debug|Any CPU.ActiveCfg = Debug|Any CPU
		{4B500685-629F-401E-9598-0DEB2445DAB1}.Debug|Any CPU.Build.0 = Debug|Any CPU
		{4B500685-629F-401E-9598-0DEB2445DAB1}.Release|Any CPU.ActiveCfg = Release|Any CPU
		{4B500685-629F-401E-9598-0DEB2445DAB1}.Release|Any CPU.Build.0 = Release|Any CPU
		{E7908F80-6761-4E2A-A9E9-F28CA3F5D12E}.Debug|Any CPU.ActiveCfg = Debug|Any CPU
		{E7908F80-6761-4E2A-A9E9-F28CA3F5D12E}.Debug|Any CPU.Build.0 = Debug|Any CPU
		{E7908F80-6761-4E2A-A9E9-F28CA3F5D12E}.Release|Any CPU.ActiveCfg = Release|Any CPU
		{E7908F80-6761-4E2A-A9E9-F28CA3F5D12E}.Release|Any CPU.Build.0 = Release|Any CPU
		{9FDAFA1A-2121-40FE-81C9-65788D3D08EC}.Debug|Any CPU.ActiveCfg = Debug|Any CPU
		{9FDAFA1A-2121-40FE-81C9-65788D3D08EC}.Debug|Any CPU.Build.0 = Debug|Any CPU
		{9FDAFA1A-2121-40FE-81C9-65788D3D08EC}.Release|Any CPU.ActiveCfg = Release|Any CPU
		{9FDAFA1A-2121-40FE-81C9-65788D3D08EC}.Release|Any CPU.Build.0 = Release|Any CPU
		{83A22932-49ED-422C-9301-5E6CF0F1679B}.Debug|Any CPU.ActiveCfg = Debug|Any CPU
		{83A22932-49ED-422C-9301-5E6CF0F1679B}.Debug|Any CPU.Build.0 = Debug|Any CPU
		{83A22932-49ED-422C-9301-5E6CF0F1679B}.Release|Any CPU.ActiveCfg = Release|Any CPU
		{83A22932-49ED-422C-9301-5E6CF0F1679B}.Release|Any CPU.Build.0 = Release|Any CPU
		{5422F734-5D39-4FD9-8512-681751371C3D}.Debug|Any CPU.ActiveCfg = Debug|Any CPU
		{5422F734-5D39-4FD9-8512-681751371C3D}.Debug|Any CPU.Build.0 = Debug|Any CPU
		{5422F734-5D39-4FD9-8512-681751371C3D}.Release|Any CPU.ActiveCfg = Release|Any CPU
		{5422F734-5D39-4FD9-8512-681751371C3D}.Release|Any CPU.Build.0 = Release|Any CPU
		{47CEB209-6617-4F7A-9D7C-8C88AE7E0642}.Debug|Any CPU.ActiveCfg = Debug|Any CPU
		{47CEB209-6617-4F7A-9D7C-8C88AE7E0642}.Debug|Any CPU.Build.0 = Debug|Any CPU
		{47CEB209-6617-4F7A-9D7C-8C88AE7E0642}.Release|Any CPU.ActiveCfg = Release|Any CPU
		{47CEB209-6617-4F7A-9D7C-8C88AE7E0642}.Release|Any CPU.Build.0 = Release|Any CPU
	EndGlobalSection
	GlobalSection(SolutionProperties) = preSolution
		HideSolutionNode = FALSE
	EndGlobalSection
	GlobalSection(ExtensibilityGlobals) = postSolution
		SolutionGuid = {860508A9-C122-4B6C-97F3-9B60B4880755}
	EndGlobalSection
EndGlobal
